# THIS IS AN AUTOGENERATED FILE. DO NOT EDIT THIS FILE DIRECTLY.
# yarn lockfile v1


dom7@^4.0.1:
  version "4.0.1"
  resolved "https://registry.yarnpkg.com/dom7/-/dom7-4.0.1.tgz#821209df1bfdf97dd82b5156e50f7cb66b3f166c"
  integrity sha512-y/RWjw3gK3qQnZz6IqDaIoqH6+xBhcB3Wsh5HFwl0abwuO/NAgbSB31ZbxtBDcuDe8jAX5NYUNDLTx4Ul48sIw==
  dependencies:
    ssr-window "^4.0.0"

ssr-window@^4.0.0, ssr-window@^4.0.1:
  version "4.0.1"
  resolved "https://registry.yarnpkg.com/ssr-window/-/ssr-window-4.0.1.tgz#514bf2ca81952f63fe88e8b0c623a23f90f7feb3"
  integrity sha512-5q936lkCk5Lg5hM6tG8Nutdym4vNiuFSWorslTzOn71PWb3Wnx44q/k2Ryn1LWA1G4FtxMzjywUFOiOxPkVGrA==

swiper@^7.3.1:
  version "7.3.1"
  resolved "https://registry.yarnpkg.com/swiper/-/swiper-7.3.1.tgz#697734231d43c67c0e03134c969ebbd5e5037b54"
  integrity sha512-YHa8uI22UwF9Q6F9tCDSai7/BJo8uVHKampKYAIShlFrWoHfM+sCCn24Yeq3oqIKZv2bfSULzXKsXmh0VpCNeQ==
  dependencies:
    dom7 "^4.0.1"
    ssr-window "^4.0.1"
